
Microsoft Visual Studio Solution File, Format Version 12.00
# Visual Studio Version 17
VisualStudioVersion = 17.0.31903.59
MinimumVisualStudioVersion = 10.0.40219.1
Project("{2150E333-8FDC-42A3-9474-1A3956D46DE8}") = "src", "src", "{827E0CD3-B72D-47B6-A68D-7590B98EB39B}"
EndProject
Project("{FAE04EC0-301F-11D3-BF4B-00C04F79EFBC}") = "Frontend.Web", "src\Frontend.Web\Frontend.Web.csproj", "{0367A8B9-E677-4AF1-A06C-5D88D67A424B}"
EndProject
Project("{FAE04EC0-301F-11D3-BF4B-00C04F79EFBC}") = "Catalog.Api", "src\Catalog.Api\Catalog.Api.csproj", "{83803AB7-4DDF-4DAD-BC31-5647EF305F1E}"
EndProject
Project("{FAE04EC0-301F-11D3-BF4B-00C04F79EFBC}") = "Orders.Api", "src\Orders.Api\Orders.Api.csproj", "{D738C34A-22F6-441E-8EDD-81ECF5E65C27}"
EndProject
Project("{FAE04EC0-301F-11D3-BF4B-00C04F79EFBC}") = "Shared.Contracts", "src\Shared.Contracts\Shared.Contracts.csproj", "{668D6BE0-B325-4F99-938F-89F5F44A746A}"
EndProject
Project("{2150E333-8FDC-42A3-9474-1A3956D46DE8}") = "tests", "tests", "{0AB3BF05-4346-4AA6-1389-037BE0695223}"
EndProject
Project("{FAE04EC0-301F-11D3-BF4B-00C04F79EFBC}") = "Orders.Api.Tests", "tests\Orders.Api.Tests\Orders.Api.Tests.csproj", "{B7F16B82-4024-43EB-8A69-C47A01798524}"
EndProject
Global
	GlobalSection(SolutionConfigurationPlatforms) = preSolution
		Debug|Any CPU = Debug|Any CPU
		Debug|x64 = Debug|x64
		Debug|x86 = Debug|x86
		Release|Any CPU = Release|Any CPU
		Release|x64 = Release|x64
		Release|x86 = Release|x86
	EndGlobalSection
	GlobalSection(ProjectConfigurationPlatforms) = postSolution
		{0367A8B9-E677-4AF1-A06C-5D88D67A424B}.Debug|Any CPU.ActiveCfg = Debug|Any CPU
		{0367A8B9-E677-4AF1-A06C-5D88D67A424B}.Debug|Any CPU.Build.0 = Debug|Any CPU
		{0367A8B9-E677-4AF1-A06C-5D88D67A424B}.Debug|x64.ActiveCfg = Debug|Any CPU
		{0367A8B9-E677-4AF1-A06C-5D88D67A424B}.Debug|x64.Build.0 = Debug|Any CPU
		{0367A8B9-E677-4AF1-A06C-5D88D67A424B}.Debug|x86.ActiveCfg = Debug|Any CPU
		{0367A8B9-E677-4AF1-A06C-5D88D67A424B}.Debug|x86.Build.0 = Debug|Any CPU
		{0367A8B9-E677-4AF1-A06C-5D88D67A424B}.Release|Any CPU.ActiveCfg = Release|Any CPU
		{0367A8B9-E677-4AF1-A06C-5D88D67A424B}.Release|Any CPU.Build.0 = Release|Any CPU
		{0367A8B9-E677-4AF1-A06C-5D88D67A424B}.Release|x64.ActiveCfg = Release|Any CPU
		{0367A8B9-E677-4AF1-A06C-5D88D67A424B}.Release|x64.Build.0 = Release|Any CPU
		{0367A8B9-E677-4AF1-A06C-5D88D67A424B}.Release|x86.ActiveCfg = Release|Any CPU
		{0367A8B9-E677-4AF1-A06C-5D88D67A424B}.Release|x86.Build.0 = Release|Any CPU
		{83803AB7-4DDF-4DAD-BC31-5647EF305F1E}.Debug|Any CPU.ActiveCfg = Debug|Any CPU
		{83803AB7-4DDF-4DAD-BC31-5647EF305F1E}.Debug|Any CPU.Build.0 = Debug|Any CPU
		{83803AB7-4DDF-4DAD-BC31-5647EF305F1E}.Debug|x64.ActiveCfg = Debug|Any CPU
		{83803AB7-4DDF-4DAD-BC31-5647EF305F1E}.Debug|x64.Build.0 = Debug|Any CPU
		{83803AB7-4DDF-4DAD-BC31-5647EF305F1E}.Debug|x86.ActiveCfg = Debug|Any CPU
		{83803AB7-4DDF-4DAD-BC31-5647EF305F1E}.Debug|x86.Build.0 = Debug|Any CPU
		{83803AB7-4DDF-4DAD-BC31-5647EF305F1E}.Release|Any CPU.ActiveCfg = Release|Any CPU
		{83803AB7-4DDF-4DAD-BC31-5647EF305F1E}.Release|Any CPU.Build.0 = Release|Any CPU
		{83803AB7-4DDF-4DAD-BC31-5647EF305F1E}.Release|x64.ActiveCfg = Release|Any CPU
		{83803AB7-4DDF-4DAD-BC31-5647EF305F1E}.Release|x64.Build.0 = Release|Any CPU
		{83803AB7-4DDF-4DAD-BC31-5647EF305F1E}.Release|x86.ActiveCfg = Release|Any CPU
		{83803AB7-4DDF-4DAD-BC31-5647EF305F1E}.Release|x86.Build.0 = Release|Any CPU
		{D738C34A-22F6-441E-8EDD-81ECF5E65C27}.Debug|Any CPU.ActiveCfg = Debug|Any CPU
		{D738C34A-22F6-441E-8EDD-81ECF5E65C27}.Debug|Any CPU.Build.0 = Debug|Any CPU
		{D738C34A-22F6-441E-8EDD-81ECF5E65C27}.Debug|x64.ActiveCfg = Debug|Any CPU
		{D738C34A-22F6-441E-8EDD-81ECF5E65C27}.Debug|x64.Build.0 = Debug|Any CPU
		{D738C34A-22F6-441E-8EDD-81ECF5E65C27}.Debug|x86.ActiveCfg = Debug|Any CPU
		{D738C34A-22F6-441E-8EDD-81ECF5E65C27}.Debug|x86.Build.0 = Debug|Any CPU
		{D738C34A-22F6-441E-8EDD-81ECF5E65C27}.Release|Any CPU.ActiveCfg = Release|Any CPU
		{D738C34A-22F6-441E-8EDD-81ECF5E65C27}.Release|Any CPU.Build.0 = Release|Any CPU
		{D738C34A-22F6-441E-8EDD-81ECF5E65C27}.Release|x64.ActiveCfg = Release|Any CPU
		{D738C34A-22F6-441E-8EDD-81ECF5E65C27}.Release|x64.Build.0 = Release|Any CPU
		{D738C34A-22F6-441E-8EDD-81ECF5E65C27}.Release|x86.ActiveCfg = Release|Any CPU
		{D738C34A-22F6-441E-8EDD-81ECF5E65C27}.Release|x86.Build.0 = Release|Any CPU
		{668D6BE0-B325-4F99-938F-89F5F44A746A}.Debug|Any CPU.ActiveCfg = Debug|Any CPU
		{668D6BE0-B325-4F99-938F-89F5F44A746A}.Debug|Any CPU.Build.0 = Debug|Any CPU
		{668D6BE0-B325-4F99-938F-89F5F44A746A}.Debug|x64.ActiveCfg = Debug|Any CPU
		{668D6BE0-B325-4F99-938F-89F5F44A746A}.Debug|x64.Build.0 = Debug|Any CPU
		{668D6BE0-B325-4F99-938F-89F5F44A746A}.Debug|x86.ActiveCfg = Debug|Any CPU
		{668D6BE0-B325-4F99-938F-89F5F44A746A}.Debug|x86.Build.0 = Debug|Any CPU
		{668D6BE0-B325-4F99-938F-89F5F44A746A}.Release|Any CPU.ActiveCfg = Release|Any CPU
		{668D6BE0-B325-4F99-938F-89F5F44A746A}.Release|Any CPU.Build.0 = Release|Any CPU
		{668D6BE0-B325-4F99-938F-89F5F44A746A}.Release|x64.ActiveCfg = Release|Any CPU
		{668D6BE0-B325-4F99-938F-89F5F44A746A}.Release|x64.Build.0 = Release|Any CPU
		{668D6BE0-B325-4F99-938F-89F5F44A746A}.Release|x86.ActiveCfg = Release|Any CPU
		{668D6BE0-B325-4F99-938F-89F5F44A746A}.Release|x86.Build.0 = Release|Any CPU
		{B7F16B82-4024-43EB-8A69-C47A01798524}.Debug|Any CPU.ActiveCfg = Debug|Any CPU
		{B7F16B82-4024-43EB-8A69-C47A01798524}.Debug|Any CPU.Build.0 = Debug|Any CPU
		{B7F16B82-4024-43EB-8A69-C47A01798524}.Debug|x64.ActiveCfg = Debug|Any CPU
		{B7F16B82-4024-43EB-8A69-C47A01798524}.Debug|x64.Build.0 = Debug|Any CPU
		{B7F16B82-4024-43EB-8A69-C47A01798524}.Debug|x86.ActiveCfg = Debug|Any CPU
		{B7F16B82-4024-43EB-8A69-C47A01798524}.Debug|x86.Build.0 = Debug|Any CPU
		{B7F16B82-4024-43EB-8A69-C47A01798524}.Release|Any CPU.ActiveCfg = Release|Any CPU
		{B7F16B82-4024-43EB-8A69-C47A01798524}.Release|Any CPU.Build.0 = Release|Any CPU
		{B7F16B82-4024-43EB-8A69-C47A01798524}.Release|x64.ActiveCfg = Release|Any CPU
		{B7F16B82-4024-43EB-8A69-C47A01798524}.Release|x64.Build.0 = Release|Any CPU
		{B7F16B82-4024-43EB-8A69-C47A01798524}.Release|x86.ActiveCfg = Release|Any CPU
		{B7F16B82-4024-43EB-8A69-C47A01798524}.Release|x86.Build.0 = Release|Any CPU
	EndGlobalSection
	GlobalSection(SolutionProperties) = preSolution
		HideSolutionNode = FALSE
	EndGlobalSection
	GlobalSection(NestedProjects) = preSolution
		{0367A8B9-E677-4AF1-A06C-5D88D67A424B} = {827E0CD3-B72D-47B6-A68D-7590B98EB39B}
		{83803AB7-4DDF-4DAD-BC31-5647EF305F1E} = {827E0CD3-B72D-47B6-A68D-7590B98EB39B}
		{D738C34A-22F6-441E-8EDD-81ECF5E65C27} = {827E0CD3-B72D-47B6-A68D-7590B98EB39B}
		{668D6BE0-B325-4F99-938F-89F5F44A746A} = {827E0CD3-B72D-47B6-A68D-7590B98EB39B}
		{B7F16B82-4024-43EB-8A69-C47A01798524} = {0AB3BF05-4346-4AA6-1389-037BE0695223}
	EndGlobalSection
EndGlobal
